
Microsoft Visual Studio Solution File, Format Version 12.00
# Visual Studio Version 17
VisualStudioVersion = 17.14.36811.4
MinimumVisualStudioVersion = 10.0.40219.1
Project("{FAE04EC0-301F-11D3-BF4B-00C04F79EFBC}") = "UniversityManagementSystem.API", "BackEnd (Clean Architecture)\UniversityManagementSystem.API\UniversityManagementSystem.API.csproj", "{7B0F309C-48BA-3B03-D860-501EDB80CC2A}"
EndProject
Project("{FAE04EC0-301F-11D3-BF4B-00C04F79EFBC}") = "UniversityManagementSystem.Application", "BackEnd (Clean Architecture)\UniversityManagementSystem.Application\UniversityManagementSystem.Application.csproj", "{5E0727E2-4657-F6E2-7E17-2CCABC59875D}"
EndProject
Project("{FAE04EC0-301F-11D3-BF4B-00C04F79EFBC}") = "UniversityManagementSystem.Domain", "BackEnd (Clean Architecture)\UniversityManagementSystem.Domain\UniversityManagementSystem.Domain.csproj", "{5BDBADC3-B4A3-8022-46AA-06CC54524D06}"
EndProject
Project("{FAE04EC0-301F-11D3-BF4B-00C04F79EFBC}") = "UniversityManagementSystem.Infrastructure", "BackEnd (Clean Architecture)\UniversityManagementSystem.Infrastructure\UniversityManagementSystem.Infrastructure.csproj", "{2278BA79-E6FE-A4C0-150F-A08858BA760C}"
EndProject
Project("{FAE04EC0-301F-11D3-BF4B-00C04F79EFBC}") = "UniversityManagementSystem.Shared", "BackEnd (Clean Architecture)\UniversityManagementSystem.Shared\UniversityManagementSystem.Shared.csproj", "{C72BA1F7-31EA-7265-20F3-4242C4A7287C}"
EndProject
Global
	GlobalSection(SolutionConfigurationPlatforms) = preSolution
		Debug|Any CPU = Debug|Any CPU
		Release|Any CPU = Release|Any CPU
	EndGlobalSection
	GlobalSection(ProjectConfigurationPlatforms) = postSolution
		{7B0F309C-48BA-3B03-D860-501EDB80CC2A}.Debug|Any CPU.ActiveCfg = Debug|Any CPU
		{7B0F309C-48BA-3B03-D860-501EDB80CC2A}.Debug|Any CPU.Build.0 = Debug|Any CPU
		{7B0F309C-48BA-3B03-D860-501EDB80CC2A}.Release|Any CPU.ActiveCfg = Release|Any CPU
		{7B0F309C-48BA-3B03-D860-501EDB80CC2A}.Release|Any CPU.Build.0 = Release|Any CPU
		{5E0727E2-4657-F6E2-7E17-2CCABC59875D}.Debug|Any CPU.ActiveCfg = Debug|Any CPU
		{5E0727E2-4657-F6E2-7E17-2CCABC59875D}.Debug|Any CPU.Build.0 = Debug|Any CPU
		{5E0727E2-4657-F6E2-7E17-2CCABC59875D}.Release|Any CPU.ActiveCfg = Release|Any CPU
		{5E0727E2-4657-F6E2-7E17-2CCABC59875D}.Release|Any CPU.Build.0 = Release|Any CPU
		{5BDBADC3-B4A3-8022-46AA-06CC54524D06}.Debug|Any CPU.ActiveCfg = Debug|Any CPU
		{5BDBADC3-B4A3-8022-46AA-06CC54524D06}.Debug|Any CPU.Build.0 = Debug|Any CPU
		{5BDBADC3-B4A3-8022-46AA-06CC54524D06}.Release|Any CPU.ActiveCfg = Release|Any CPU
		{5BDBADC3-B4A3-8022-46AA-06CC54524D06}.Release|Any CPU.Build.0 = Release|Any CPU
		{2278BA79-E6FE-A4C0-150F-A08858BA760C}.Debug|Any CPU.ActiveCfg = Debug|Any CPU
		{2278BA79-E6FE-A4C0-150F-A08858BA760C}.Debug|Any CPU.Build.0 = Debug|Any CPU
		{2278BA79-E6FE-A4C0-150F-A08858BA760C}.Release|Any CPU.ActiveCfg = Release|Any CPU
		{2278BA79-E6FE-A4C0-150F-A08858BA760C}.Release|Any CPU.Build.0 = Release|Any CPU
		{C72BA1F7-31EA-7265-20F3-4242C4A7287C}.Debug|Any CPU.ActiveCfg = Debug|Any CPU
		{C72BA1F7-31EA-7265-20F3-4242C4A7287C}.Debug|Any CPU.Build.0 = Debug|Any CPU
		{C72BA1F7-31EA-7265-20F3-4242C4A7287C}.Release|Any CPU.ActiveCfg = Release|Any CPU
		{C72BA1F7-31EA-7265-20F3-4242C4A7287C}.Release|Any CPU.Build.0 = Release|Any CPU
	EndGlobalSection
	GlobalSection(SolutionProperties) = preSolution
		HideSolutionNode = FALSE
	EndGlobalSection
	GlobalSection(ExtensibilityGlobals) = postSolution
		SolutionGuid = {C95DF4DC-A761-488A-870C-5746C23D0122}
	EndGlobalSection
EndGlobal
